// !$*UTF8*$!
{
	archiveVersion = 1;
	classes = {
	};
	objectVersion = 56;
	objects = {

/* Begin PBXBuildFile section */
		EBA214C02AE01CA200EC9714 /* Movie_DatabaseApp.swift in Sources */ = {isa = PBXBuildFile; fileRef = EBA214BF2AE01CA200EC9714 /* Movie_DatabaseApp.swift */; };
		EBA214C22AE01CA200EC9714 /* ContentView.swift in Sources */ = {isa = PBXBuildFile; fileRef = EBA214C12AE01CA200EC9714 /* ContentView.swift */; };
		EBA214C42AE01CA400EC9714 /* Assets.xcassets in Resources */ = {isa = PBXBuildFile; fileRef = EBA214C32AE01CA400EC9714 /* Assets.xcassets */; };
		EBA214C72AE01CA400EC9714 /* Preview Assets.xcassets in Resources */ = {isa = PBXBuildFile; fileRef = EBA214C62AE01CA400EC9714 /* Preview Assets.xcassets */; };
		EBA214CF2AE01D9D00EC9714 /* MovieModel.swift in Sources */ = {isa = PBXBuildFile; fileRef = EBA214CE2AE01D9D00EC9714 /* MovieModel.swift */; };
		EBA214D22AE01EA700EC9714 /* MovieService.swift in Sources */ = {isa = PBXBuildFile; fileRef = EBA214D12AE01EA700EC9714 /* MovieService.swift */; };
		EBA214D42AE02FC100EC9714 /* MovieStore.swift in Sources */ = {isa = PBXBuildFile; fileRef = EBA214D32AE02FC100EC9714 /* MovieStore.swift */; };
		EBA214D62AE0352400EC9714 /* Utilty.swift in Sources */ = {isa = PBXBuildFile; fileRef = EBA214D52AE0352400EC9714 /* Utilty.swift */; };
		EBED3BAD2AE0F7820028641A /* Movie+Stub.swift in Sources */ = {isa = PBXBuildFile; fileRef = EBED3BAC2AE0F7820028641A /* Movie+Stub.swift */; };
		EBED3BB12AE0F7D70028641A /* movie_list.json in Resources */ = {isa = PBXBuildFile; fileRef = EBED3BAE2AE0F7D70028641A /* movie_list.json */; };
		EBED3BB22AE0F7D70028641A /* movie_info.json in Resources */ = {isa = PBXBuildFile; fileRef = EBED3BAF2AE0F7D70028641A /* movie_info.json */; };
		EBED3BB32AE0F7D70028641A /* search_movie.json in Resources */ = {isa = PBXBuildFile; fileRef = EBED3BB02AE0F7D70028641A /* search_movie.json */; };
/* End PBXBuildFile section */

/* Begin PBXFileReference section */
		EBA214BC2AE01CA200EC9714 /* Movie Database.app */ = {isa = PBXFileReference; explicitFileType = wrapper.application; includeInIndex = 0; path = "Movie Database.app"; sourceTree = BUILT_PRODUCTS_DIR; };
		EBA214BF2AE01CA200EC9714 /* Movie_DatabaseApp.swift */ = {isa = PBXFileReference; lastKnownFileType = sourcecode.swift; path = Movie_DatabaseApp.swift; sourceTree = "<group>"; };
		EBA214C12AE01CA200EC9714 /* ContentView.swift */ = {isa = PBXFileReference; lastKnownFileType = sourcecode.swift; path = ContentView.swift; sourceTree = "<group>"; };
		EBA214C32AE01CA400EC9714 /* Assets.xcassets */ = {isa = PBXFileReference; lastKnownFileType = folder.assetcatalog; path = Assets.xcassets; sourceTree = "<group>"; };
		EBA214C62AE01CA400EC9714 /* Preview Assets.xcassets */ = {isa = PBXFileReference; lastKnownFileType = folder.assetcatalog; path = "Preview Assets.xcassets"; sourceTree = "<group>"; };
		EBA214CE2AE01D9D00EC9714 /* MovieModel.swift */ = {isa = PBXFileReference; lastKnownFileType = sourcecode.swift; path = MovieModel.swift; sourceTree = "<group>"; };
		EBA214D12AE01EA700EC9714 /* MovieService.swift */ = {isa = PBXFileReference; lastKnownFileType = sourcecode.swift; path = MovieService.swift; sourceTree = "<group>"; };
		EBA214D32AE02FC100EC9714 /* MovieStore.swift */ = {isa = PBXFileReference; lastKnownFileType = sourcecode.swift; path = MovieStore.swift; sourceTree = "<group>"; };
		EBA214D52AE0352400EC9714 /* Utilty.swift */ = {isa = PBXFileReference; lastKnownFileType = sourcecode.swift; path = Utilty.swift; sourceTree = "<group>"; };
		EBED3BAC2AE0F7820028641A /* Movie+Stub.swift */ = {isa = PBXFileReference; lastKnownFileType = sourcecode.swift; name = "Movie+Stub.swift"; path = "../../../../../Desktop/Movie+Stub.swift"; sourceTree = "<group>"; };
		EBED3BAE2AE0F7D70028641A /* movie_list.json */ = {isa = PBXFileReference; fileEncoding = 4; lastKnownFileType = text.json; path = movie_list.json; sourceTree = "<group>"; };
		EBED3BAF2AE0F7D70028641A /* movie_info.json */ = {isa = PBXFileReference; fileEncoding = 4; lastKnownFileType = text.json; path = movie_info.json; sourceTree = "<group>"; };
		EBED3BB02AE0F7D70028641A /* search_movie.json */ = {isa = PBXFileReference; fileEncoding = 4; lastKnownFileType = text.json; path = search_movie.json; sourceTree = "<group>"; };
/* End PBXFileReference section */

/* Begin PBXFrameworksBuildPhase section */
		EBA214B92AE01CA200EC9714 /* Frameworks */ = {
			isa = PBXFrameworksBuildPhase;
			buildActionMask = 2147483647;
			files = (
			);
			runOnlyForDeploymentPostprocessing = 0;
		};
/* End PBXFrameworksBuildPhase section */

/* Begin PBXGroup section */
		EB95AA6B2AE26B6D0002989E /* View */ = {
			isa = PBXGroup;
			children = (
				EB95AA6C2AE26B770002989E /* Home */,
				EB95AA6D2AE26B7F0002989E /* Search */,
				EB95AA6E2AE26B9A0002989E /* Detail */,
			);
			path = View;
			sourceTree = "<group>";
		};
		EB95AA6C2AE26B770002989E /* Home */ = {
			isa = PBXGroup;
			children = (
			);
			path = Home;
			sourceTree = "<group>";
		};
		EB95AA6D2AE26B7F0002989E /* Search */ = {
			isa = PBXGroup;
			children = (
			);
			path = Search;
			sourceTree = "<group>";
		};
		EB95AA6E2AE26B9A0002989E /* Detail */ = {
			isa = PBXGroup;
			children = (
			);
			path = Detail;
			sourceTree = "<group>";
		};
		EB95AA6F2AE2C0590002989E /* App */ = {
			isa = PBXGroup;
			children = (
				EBA214BF2AE01CA200EC9714 /* Movie_DatabaseApp.swift */,
				EBA214C12AE01CA200EC9714 /* ContentView.swift */,
			);
			path = App;
			sourceTree = "<group>";
		};
		EBA214B32AE01CA200EC9714 = {
			isa = PBXGroup;
			children = (
				EBA214BE2AE01CA200EC9714 /* Movie Database */,
				EBA214BD2AE01CA200EC9714 /* Products */,
			);
			sourceTree = "<group>";
		};
		EBA214BD2AE01CA200EC9714 /* Products */ = {
			isa = PBXGroup;
			children = (
				EBA214BC2AE01CA200EC9714 /* Movie Database.app */,
			);
			name = Products;
			sourceTree = "<group>";
		};
		EBA214BE2AE01CA200EC9714 /* Movie Database */ = {
			isa = PBXGroup;
			children = (
				EB95AA6F2AE2C0590002989E /* App */,
				EB95AA6B2AE26B6D0002989E /* View */,
				EBED3BAB2AE0F7610028641A /* Data */,
				EBED3BAA2AE0F7560028641A /* Extension */,
				EBA214D02AE01E8100EC9714 /* Utility */,
				EBA214CD2AE01D8900EC9714 /* Model */,
				EBA214C32AE01CA400EC9714 /* Assets.xcassets */,
				EBA214C52AE01CA400EC9714 /* Preview Content */,
			);
			path = "Movie Database";
			sourceTree = "<group>";
		};
		EBA214C52AE01CA400EC9714 /* Preview Content */ = {
			isa = PBXGroup;
			children = (
				EBA214C62AE01CA400EC9714 /* Preview Assets.xcassets */,
			);
			path = "Preview Content";
			sourceTree = "<group>";
		};
		EBA214CD2AE01D8900EC9714 /* Model */ = {
			isa = PBXGroup;
			children = (
				EBA214CE2AE01D9D00EC9714 /* MovieModel.swift */,
			);
			path = Model;
			sourceTree = "<group>";
		};
		EBA214D02AE01E8100EC9714 /* Utility */ = {
			isa = PBXGroup;
			children = (
				EBA214D12AE01EA700EC9714 /* MovieService.swift */,
				EBA214D32AE02FC100EC9714 /* MovieStore.swift */,
				EBA214D52AE0352400EC9714 /* Utilty.swift */,
			);
			path = Utility;
			sourceTree = "<group>";
		};
		EBED3BAA2AE0F7560028641A /* Extension */ = {
			isa = PBXGroup;
			children = (
				EBED3BAC2AE0F7820028641A /* Movie+Stub.swift */,
			);
			path = Extension;
			sourceTree = "<group>";
		};
		EBED3BAB2AE0F7610028641A /* Data */ = {
			isa = PBXGroup;
			children = (
				EBED3BAF2AE0F7D70028641A /* movie_info.json */,
				EBED3BAE2AE0F7D70028641A /* movie_list.json */,
				EBED3BB02AE0F7D70028641A /* search_movie.json */,
			);
			path = Data;
			sourceTree = "<group>";
		};
/* End PBXGroup section */

/* Begin PBXNativeTarget section */
		EBA214BB2AE01CA200EC9714 /* Movie Database */ = {
			isa = PBXNativeTarget;
			buildConfigurationList = EBA214CA2AE01CA400EC9714 /* Build configuration list for PBXNativeTarget "Movie Database" */;
			buildPhases = (
				EBA214B82AE01CA200EC9714 /* Sources */,
				EBA214B92AE01CA200EC9714 /* Frameworks */,
				EBA214BA2AE01CA200EC9714 /* Resources */,
			);
			buildRules = (
			);
			dependencies = (
			);
			name = "Movie Database";
			productName = "Movie Database";
			productReference = EBA214BC2AE01CA200EC9714 /* Movie Database.app */;
			productType = "com.apple.product-type.application";
		};
/* End PBXNativeTarget section */

/* Begin PBXProject section */
		EBA214B42AE01CA200EC9714 /* Project object */ = {
			isa = PBXProject;
			attributes = {
				BuildIndependentTargetsInParallel = 1;
				LastSwiftUpdateCheck = 1500;
				LastUpgradeCheck = 1500;
				TargetAttributes = {
					EBA214BB2AE01CA200EC9714 = {
						CreatedOnToolsVersion = 15.0;
					};
				};
			};
			buildConfigurationList = EBA214B72AE01CA200EC9714 /* Build configuration list for PBXProject "Movie Database" */;
			compatibilityVersion = "Xcode 14.0";
			developmentRegion = en;
			hasScannedForEncodings = 0;
			knownRegions = (
				en,
				Base,
			);
			mainGroup = EBA214B32AE01CA200EC9714;
			productRefGroup = EBA214BD2AE01CA200EC9714 /* Products */;
			projectDirPath = "";
			projectRoot = "";
			targets = (
				EBA214BB2AE01CA200EC9714 /* Movie Database */,
			);
		};
/* End PBXProject section */

/* Begin PBXResourcesBuildPhase section */
		EBA214BA2AE01CA200EC9714 /* Resources */ = {
			isa = PBXResourcesBuildPhase;
			buildActionMask = 2147483647;
			files = (
				EBA214C72AE01CA400EC9714 /* Preview Assets.xcassets in Resources */,
				EBED3BB12AE0F7D70028641A /* movie_list.json in Resources */,
				EBED3BB22AE0F7D70028641A /* movie_info.json in Resources */,
				EBED3BB32AE0F7D70028641A /* search_movie.json in Resources */,
				EBA214C42AE01CA400EC9714 /* Assets.xcassets in Resources */,
			);
			runOnlyForDeploymentPostprocessing = 0;
		};
/* End PBXResourcesBuildPhase section */

/* Begin PBXSourcesBuildPhase section */
		EBA214B82AE01CA200EC9714 /* Sources */ = {
			isa = PBXSourcesBuildPhase;
			buildActionMask = 2147483647;
			files = (
				EBA214CF2AE01D9D00EC9714 /* MovieModel.swift in Sources */,
				EBA214C22AE01CA200EC9714 /* ContentView.swift in Sources */,
				EBA214D62AE0352400EC9714 /* Utilty.swift in Sources */,
				EBED3BAD2AE0F7820028641A /* Movie+Stub.swift in Sources */,
				EBA214D22AE01EA700EC9714 /* MovieService.swift in Sources */,
				EBA214D42AE02FC100EC9714 /* MovieStore.swift in Sources */,
				EBA214C02AE01CA200EC9714 /* Movie_DatabaseApp.swift in Sources */,
			);
			runOnlyForDeploymentPostprocessing = 0;
		};
/* End PBXSourcesBuildPhase section */

/* Begin XCBuildConfiguration section */
		EBA214C82AE01CA400EC9714 /* Debug */ = {
			isa = XCBuildConfiguration;
			buildSettings = {
				ALWAYS_SEARCH_USER_PATHS = NO;
				ASSETCATALOG_COMPILER_GENERATE_SWIFT_ASSET_SYMBOL_EXTENSIONS = YES;
				CLANG_ANALYZER_NONNULL = YES;
				CLANG_ANALYZER_NUMBER_OBJECT_CONVERSION = YES_AGGRESSIVE;
				CLANG_CXX_LANGUAGE_STANDARD = "gnu++20";
				CLANG_ENABLE_MODULES = YES;
				CLANG_ENABLE_OBJC_ARC = YES;
				CLANG_ENABLE_OBJC_WEAK = YES;
				CLANG_WARN_BLOCK_CAPTURE_AUTORELEASING = YES;
				CLANG_WARN_BOOL_CONVERSION = YES;
				CLANG_WARN_COMMA = YES;
				CLANG_WARN_CONSTANT_CONVERSION = YES;
				CLANG_WARN_DEPRECATED_OBJC_IMPLEMENTATIONS = YES;
				CLANG_WARN_DIRECT_OBJC_ISA_USAGE = YES_ERROR;
				CLANG_WARN_DOCUMENTATION_COMMENTS = YES;
				CLANG_WARN_EMPTY_BODY = YES;
				CLANG_WARN_ENUM_CONVERSION = YES;
				CLANG_WARN_INFINITE_RECURSION = YES;
				CLANG_WARN_INT_CONVERSION = YES;
				CLANG_WARN_NON_LITERAL_NULL_CONVERSION = YES;
				CLANG_WARN_OBJC_IMPLICIT_RETAIN_SELF = YES;
				CLANG_WARN_OBJC_LITERAL_CONVERSION = YES;
				CLANG_WARN_OBJC_ROOT_CLASS = YES_ERROR;
				CLANG_WARN_QUOTED_INCLUDE_IN_FRAMEWORK_HEADER = YES;
				CLANG_WARN_RANGE_LOOP_ANALYSIS = YES;
				CLANG_WARN_STRICT_PROTOTYPES = YES;
				CLANG_WARN_SUSPICIOUS_MOVE = YES;
				CLANG_WARN_UNGUARDED_AVAILABILITY = YES_AGGRESSIVE;
				CLANG_WARN_UNREACHABLE_CODE = YES;
				CLANG_WARN__DUPLICATE_METHOD_MATCH = YES;
				COPY_PHASE_STRIP = NO;
				DEBUG_INFORMATION_FORMAT = dwarf;
				ENABLE_STRICT_OBJC_MSGSEND = YES;
				ENABLE_TESTABILITY = YES;
				ENABLE_USER_SCRIPT_SANDBOXING = YES;
				GCC_C_LANGUAGE_STANDARD = gnu17;
				GCC_DYNAMIC_NO_PIC = NO;
				GCC_NO_COMMON_BLOCKS = YES;
				GCC_OPTIMIZATION_LEVEL = 0;
				GCC_PREPROCESSOR_DEFINITIONS = (
					"DEBUG=1",
					"$(inherited)",
				);
				GCC_WARN_64_TO_32_BIT_CONVERSION = YES;
				GCC_WARN_ABOUT_RETURN_TYPE = YES_ERROR;
				GCC_WARN_UNDECLARED_SELECTOR = YES;
				GCC_WARN_UNINITIALIZED_AUTOS = YES_AGGRESSIVE;
				GCC_WARN_UNUSED_FUNCTION = YES;
				GCC_WARN_UNUSED_VARIABLE = YES;
				IPHONEOS_DEPLOYMENT_TARGET = 17.0;
				LOCALIZATION_PREFERS_STRING_CATALOGS = YES;
				MTL_ENABLE_DEBUG_INFO = INCLUDE_SOURCE;
				MTL_FAST_MATH = YES;
				ONLY_ACTIVE_ARCH = YES;
				SDKROOT = iphoneos;
				SWIFT_ACTIVE_COMPILATION_CONDITIONS = "DEBUG $(inherited)";
				SWIFT_OPTIMIZATION_LEVEL = "-Onone";
			};
			name = Debug;
		};
		EBA214C92AE01CA400EC9714 /* Release */ = {
			isa = XCBuildConfiguration;
			buildSettings = {
				ALWAYS_SEARCH_USER_PATHS = NO;
				ASSETCATALOG_COMPILER_GENERATE_SWIFT_ASSET_SYMBOL_EXTENSIONS = YES;
				CLANG_ANALYZER_NONNULL = YES;
				CLANG_ANALYZER_NUMBER_OBJECT_CONVERSION = YES_AGGRESSIVE;
				CLANG_CXX_LANGUAGE_STANDARD = "gnu++20";
				CLANG_ENABLE_MODULES = YES;
				CLANG_ENABLE_OBJC_ARC = YES;
				CLANG_ENABLE_OBJC_WEAK = YES;
				CLANG_WARN_BLOCK_CAPTURE_AUTORELEASING = YES;
				CLANG_WARN_BOOL_CONVERSION = YES;
				CLANG_WARN_COMMA = YES;
				CLANG_WARN_CONSTANT_CONVERSION = YES;
				CLANG_WARN_DEPRECATED_OBJC_IMPLEMENTATIONS = YES;
				CLANG_WARN_DIRECT_OBJC_ISA_USAGE = YES_ERROR;
				CLANG_WARN_DOCUMENTATION_COMMENTS = YES;
				CLANG_WARN_EMPTY_BODY = YES;
				CLANG_WARN_ENUM_CONVERSION = YES;
				CLANG_WARN_INFINITE_RECURSION = YES;
				CLANG_WARN_INT_CONVERSION = YES;
				CLANG_WARN_NON_LITERAL_NULL_CONVERSION = YES;
				CLANG_WARN_OBJC_IMPLICIT_RETAIN_SELF = YES;
				CLANG_WARN_OBJC_LITERAL_CONVERSION = YES;
				CLANG_WARN_OBJC_ROOT_CLASS = YES_ERROR;
				CLANG_WARN_QUOTED_INCLUDE_IN_FRAMEWORK_HEADER = YES;
				CLANG_WARN_RANGE_LOOP_ANALYSIS = YES;
				CLANG_WARN_STRICT_PROTOTYPES = YES;
				CLANG_WARN_SUSPICIOUS_MOVE = YES;
				CLANG_WARN_UNGUARDED_AVAILABILITY = YES_AGGRESSIVE;
				CLANG_WARN_UNREACHABLE_CODE = YES;
				CLANG_WARN__DUPLICATE_METHOD_MATCH = YES;
				COPY_PHASE_STRIP = NO;
				DEBUG_INFORMATION_FORMAT = "dwarf-with-dsym";
				ENABLE_NS_ASSERTIONS = NO;
				ENABLE_STRICT_OBJC_MSGSEND = YES;
				ENABLE_USER_SCRIPT_SANDBOXING = YES;
				GCC_C_LANGUAGE_STANDARD = gnu17;
				GCC_NO_COMMON_BLOCKS = YES;
				GCC_WARN_64_TO_32_BIT_CONVERSION = YES;
				GCC_WARN_ABOUT_RETURN_TYPE = YES_ERROR;
				GCC_WARN_UNDECLARED_SELECTOR = YES;
				GCC_WARN_UNINITIALIZED_AUTOS = YES_AGGRESSIVE;
				GCC_WARN_UNUSED_FUNCTION = YES;
				GCC_WARN_UNUSED_VARIABLE = YES;
				IPHONEOS_DEPLOYMENT_TARGET = 17.0;
				LOCALIZATION_PREFERS_STRING_CATALOGS = YES;
				MTL_ENABLE_DEBUG_INFO = NO;
				MTL_FAST_MATH = YES;
				SDKROOT = iphoneos;
				SWIFT_COMPILATION_MODE = wholemodule;
				VALIDATE_PRODUCT = YES;
			};
			name = Release;
		};
		EBA214CB2AE01CA400EC9714 /* Debug */ = {
			isa = XCBuildConfiguration;
			buildSettings = {
				ASSETCATALOG_COMPILER_APPICON_NAME = AppIcon;
				ASSETCATALOG_COMPILER_GLOBAL_ACCENT_COLOR_NAME = AccentColor;
				CODE_SIGN_STYLE = Automatic;
				CURRENT_PROJECT_VERSION = 1;
				DEVELOPMENT_ASSET_PATHS = "\"Movie Database/Preview Content\"";
				DEVELOPMENT_TEAM = MYL7DYP3W5;
				ENABLE_PREVIEWS = YES;
				GENERATE_INFOPLIST_FILE = YES;
				INFOPLIST_KEY_UIApplicationSceneManifest_Generation = YES;
				INFOPLIST_KEY_UIApplicationSupportsIndirectInputEvents = YES;
				INFOPLIST_KEY_UILaunchScreen_Generation = YES;
				INFOPLIST_KEY_UISupportedInterfaceOrientations_iPad = "UIInterfaceOrientationPortrait UIInterfaceOrientationPortraitUpsideDown UIInterfaceOrientationLandscapeLeft UIInterfaceOrientationLandscapeRight";
				INFOPLIST_KEY_UISupportedInterfaceOrientations_iPhone = "UIInterfaceOrientationPortrait UIInterfaceOrientationLandscapeLeft UIInterfaceOrientationLandscapeRight";
				LD_RUNPATH_SEARCH_PATHS = (
					"$(inherited)",
					"@executable_path/Frameworks",
				);
				MARKETING_VERSION = 1.0;
				PRODUCT_BUNDLE_IDENTIFIER = "com.emregemici.Movie-Database";
				PRODUCT_NAME = "$(TARGET_NAME)";
				SWIFT_EMIT_LOC_STRINGS = YES;
				SWIFT_VERSION = 5.0;
				TARGETED_DEVICE_FAMILY = "1,2";
			};
			name = Debug;
		};
		EBA214CC2AE01CA400EC9714 /* Release */ = {
			isa = XCBuildConfiguration;
			buildSettings = {
				ASSETCATALOG_COMPILER_APPICON_NAME = AppIcon;
				ASSETCATALOG_COMPILER_GLOBAL_ACCENT_COLOR_NAME = AccentColor;
				CODE_SIGN_STYLE = Automatic;
				CURRENT_PROJECT_VERSION = 1;
				DEVELOPMENT_ASSET_PATHS = "\"Movie Database/Preview Content\"";
				DEVELOPMENT_TEAM = MYL7DYP3W5;
				ENABLE_PREVIEWS = YES;
				GENERATE_INFOPLIST_FILE = YES;
				INFOPLIST_KEY_UIApplicationSceneManifest_Generation = YES;
				INFOPLIST_KEY_UIApplicationSupportsIndirectInputEvents = YES;
				INFOPLIST_KEY_UILaunchScreen_Generation = YES;
				INFOPLIST_KEY_UISupportedInterfaceOrientations_iPad = "UIInterfaceOrientationPortrait UIInterfaceOrientationPortraitUpsideDown UIInterfaceOrientationLandscapeLeft UIInterfaceOrientationLandscapeRight";
				INFOPLIST_KEY_UISupportedInterfaceOrientations_iPhone = "UIInterfaceOrientationPortrait UIInterfaceOrientationLandscapeLeft UIInterfaceOrientationLandscapeRight";
				LD_RUNPATH_SEARCH_PATHS = (
					"$(inherited)",
					"@executable_path/Frameworks",
				);
				MARKETING_VERSION = 1.0;
				PRODUCT_BUNDLE_IDENTIFIER = "com.emregemici.Movie-Database";
				PRODUCT_NAME = "$(TARGET_NAME)";
				SWIFT_EMIT_LOC_STRINGS = YES;
				SWIFT_VERSION = 5.0;
				TARGETED_DEVICE_FAMILY = "1,2";
			};
			name = Release;
		};
/* End XCBuildConfiguration section */

/* Begin XCConfigurationList section */
		EBA214B72AE01CA200EC9714 /* Build configuration list for PBXProject "Movie Database" */ = {
			isa = XCConfigurationList;
			buildConfigurations = (
				EBA214C82AE01CA400EC9714 /* Debug */,
				EBA214C92AE01CA400EC9714 /* Release */,
			);
			defaultConfigurationIsVisible = 0;
			defaultConfigurationName = Release;
		};
		EBA214CA2AE01CA400EC9714 /* Build configuration list for PBXNativeTarget "Movie Database" */ = {
			isa = XCConfigurationList;
			buildConfigurations = (
				EBA214CB2AE01CA400EC9714 /* Debug */,
				EBA214CC2AE01CA400EC9714 /* Release */,
			);
			defaultConfigurationIsVisible = 0;
			defaultConfigurationName = Release;
		};
/* End XCConfigurationList section */
	};
	rootObject = EBA214B42AE01CA200EC9714 /* Project object */;
}
