// !$*UTF8*$!
{
	archiveVersion = 1;
	classes = {
	};
	objectVersion = 56;
	objects = {

/* Begin PBXBuildFile section */
		EB294B452AE3D35A00BFBE26 /* Movie+Sub.swift in Sources */ = {isa = PBXBuildFile; fileRef = EB294B442AE3D35A00BFBE26 /* Movie+Sub.swift */; };
		EB5026C92B17A22A004D52E6 /* Font.swift in Sources */ = {isa = PBXBuildFile; fileRef = EB5026C82B17A22A004D52E6 /* Font.swift */; };
		EB585CC02B1E278A002F070A /* NavigationBar.swift in Sources */ = {isa = PBXBuildFile; fileRef = EB585CBF2B1E278A002F070A /* NavigationBar.swift */; };
		EB8397BD2B0BBC2100E32DDD /* movie_list.json in Resources */ = {isa = PBXBuildFile; fileRef = EB8397BB2B0BBC2100E32DDD /* movie_list.json */; };
		EB8397BE2B0BBC2100E32DDD /* movie_info.json in Resources */ = {isa = PBXBuildFile; fileRef = EB8397BC2B0BBC2100E32DDD /* movie_info.json */; };
		EB9FAFA42AEAA90D0010EBF0 /* MovieListState.swift in Sources */ = {isa = PBXBuildFile; fileRef = EB9FAFA32AEAA90D0010EBF0 /* MovieListState.swift */; };
		EB9FAFA62AEAC8B40010EBF0 /* Movies.swift in Sources */ = {isa = PBXBuildFile; fileRef = EB9FAFA52AEAC8B40010EBF0 /* Movies.swift */; };
		EB9FAFA82AEACCBB0010EBF0 /* MovieDetailState.swift in Sources */ = {isa = PBXBuildFile; fileRef = EB9FAFA72AEACCBB0010EBF0 /* MovieDetailState.swift */; };
		EBA214C02AE01CA200EC9714 /* Movie_DatabaseApp.swift in Sources */ = {isa = PBXBuildFile; fileRef = EBA214BF2AE01CA200EC9714 /* Movie_DatabaseApp.swift */; };
		EBA214C22AE01CA200EC9714 /* ContentView.swift in Sources */ = {isa = PBXBuildFile; fileRef = EBA214C12AE01CA200EC9714 /* ContentView.swift */; };
		EBA214C42AE01CA400EC9714 /* Assets.xcassets in Resources */ = {isa = PBXBuildFile; fileRef = EBA214C32AE01CA400EC9714 /* Assets.xcassets */; };
		EBA214C72AE01CA400EC9714 /* Preview Assets.xcassets in Resources */ = {isa = PBXBuildFile; fileRef = EBA214C62AE01CA400EC9714 /* Preview Assets.xcassets */; };
		EBA214CF2AE01D9D00EC9714 /* MovieModel.swift in Sources */ = {isa = PBXBuildFile; fileRef = EBA214CE2AE01D9D00EC9714 /* MovieModel.swift */; };
		EBA214D22AE01EA700EC9714 /* MovieService.swift in Sources */ = {isa = PBXBuildFile; fileRef = EBA214D12AE01EA700EC9714 /* MovieService.swift */; };
		EBA214D42AE02FC100EC9714 /* MovieStore.swift in Sources */ = {isa = PBXBuildFile; fileRef = EBA214D32AE02FC100EC9714 /* MovieStore.swift */; };
		EBA214D62AE0352400EC9714 /* Utilty.swift in Sources */ = {isa = PBXBuildFile; fileRef = EBA214D52AE0352400EC9714 /* Utilty.swift */; };
		EBB642262AE91CFE00EBF324 /* NavigationBarDetailView.swift in Sources */ = {isa = PBXBuildFile; fileRef = EBB642252AE91CFE00EBF324 /* NavigationBarDetailView.swift */; };
		EBB642282AE91E7800EBF324 /* HeaderDetailView.swift in Sources */ = {isa = PBXBuildFile; fileRef = EBB642272AE91E7800EBF324 /* HeaderDetailView.swift */; };
		EBB6422A2AE925F300EBF324 /* IMDBView.swift in Sources */ = {isa = PBXBuildFile; fileRef = EBB642292AE925F300EBF324 /* IMDBView.swift */; };
		EBB6422C2AE9265600EBF324 /* RatingView.swift in Sources */ = {isa = PBXBuildFile; fileRef = EBB6422B2AE9265600EBF324 /* RatingView.swift */; };
		EBB6422E2AE9277800EBF324 /* ReviewCountView.swift in Sources */ = {isa = PBXBuildFile; fileRef = EBB6422D2AE9277800EBF324 /* ReviewCountView.swift */; };
		EBB642302AE9297700EBF324 /* DateInfoView.swift in Sources */ = {isa = PBXBuildFile; fileRef = EBB6422F2AE9297700EBF324 /* DateInfoView.swift */; };
		EBB642322AE92C4D00EBF324 /* GenderHeaderView.swift in Sources */ = {isa = PBXBuildFile; fileRef = EBB642312AE92C4D00EBF324 /* GenderHeaderView.swift */; };
		EBB642342AE93CB100EBF324 /* CustomShapeDetailView.swift in Sources */ = {isa = PBXBuildFile; fileRef = EBB642332AE93CB100EBF324 /* CustomShapeDetailView.swift */; };
		EBB642382AE9625400EBF324 /* BlurEffectView.swift in Sources */ = {isa = PBXBuildFile; fileRef = EBB642372AE9625400EBF324 /* BlurEffectView.swift */; };
		EBB6423A2AEA18C600EBF324 /* ImageDetailView.swift in Sources */ = {isa = PBXBuildFile; fileRef = EBB642392AEA18C600EBF324 /* ImageDetailView.swift */; };
		EBB6423C2AEA252300EBF324 /* PlayButtonDetailView.swift in Sources */ = {isa = PBXBuildFile; fileRef = EBB6423B2AEA252300EBF324 /* PlayButtonDetailView.swift */; };
		EBB6423E2AEA312D00EBF324 /* MovieOverviewView.swift in Sources */ = {isa = PBXBuildFile; fileRef = EBB6423D2AEA312D00EBF324 /* MovieOverviewView.swift */; };
		EBB642402AEA35F100EBF324 /* TopCastsView.swift in Sources */ = {isa = PBXBuildFile; fileRef = EBB6423F2AEA35F100EBF324 /* TopCastsView.swift */; };
		EBB642432AEA3D0F00EBF324 /* FavoriteItem.swift in Sources */ = {isa = PBXBuildFile; fileRef = EBB642422AEA3D0F00EBF324 /* FavoriteItem.swift */; };
		EBB642452AEA414F00EBF324 /* FavoriteView.swift in Sources */ = {isa = PBXBuildFile; fileRef = EBB642442AEA414F00EBF324 /* FavoriteView.swift */; };
		EBB6424B2AEA5D1800EBF324 /* SearchBarView.swift in Sources */ = {isa = PBXBuildFile; fileRef = EBB6424A2AEA5D1800EBF324 /* SearchBarView.swift */; };
		EBB6424D2AEA5D9000EBF324 /* LoadingView.swift in Sources */ = {isa = PBXBuildFile; fileRef = EBB6424C2AEA5D9000EBF324 /* LoadingView.swift */; };
		EBB6424F2AEA5F7400EBF324 /* ActivityIndicatorView.swift in Sources */ = {isa = PBXBuildFile; fileRef = EBB6424E2AEA5F7400EBF324 /* ActivityIndicatorView.swift */; };
		EBC0DA1A2AFFBD4500455ED5 /* SafariView.swift in Sources */ = {isa = PBXBuildFile; fileRef = EBC0DA192AFFBD4500455ED5 /* SafariView.swift */; };
		EBE30EBD2AE3D51D0070E66B /* HomeView.swift in Sources */ = {isa = PBXBuildFile; fileRef = EBE30EBC2AE3D51D0070E66B /* HomeView.swift */; };
		EBE30EBF2AE3D5BB0070E66B /* FooterView.swift in Sources */ = {isa = PBXBuildFile; fileRef = EBE30EBE2AE3D5BB0070E66B /* FooterView.swift */; };
		EBE30EC12AE3DA690070E66B /* LogoView.swift in Sources */ = {isa = PBXBuildFile; fileRef = EBE30EC02AE3DA690070E66B /* LogoView.swift */; };
		EBE30EC32AE3DC110070E66B /* NavigationBarView.swift in Sources */ = {isa = PBXBuildFile; fileRef = EBE30EC22AE3DC110070E66B /* NavigationBarView.swift */; };
		EBE30EC52AE3DD390070E66B /* FilmBannerView.swift in Sources */ = {isa = PBXBuildFile; fileRef = EBE30EC42AE3DD390070E66B /* FilmBannerView.swift */; };
		EBE30EC72AE3E31D0070E66B /* BannerModel.swift in Sources */ = {isa = PBXBuildFile; fileRef = EBE30EC62AE3E31D0070E66B /* BannerModel.swift */; };
		EBE30ECC2AE3E76B0070E66B /* banner_image.json in Resources */ = {isa = PBXBuildFile; fileRef = EBE30ECB2AE3E76B0070E66B /* banner_image.json */; };
		EBE30ECE2AE3E8DC0070E66B /* Constant.swift in Sources */ = {isa = PBXBuildFile; fileRef = EBE30ECD2AE3E8DC0070E66B /* Constant.swift */; };
		EBE30ED02AE3EF6E0070E66B /* FilmBannerTabView.swift in Sources */ = {isa = PBXBuildFile; fileRef = EBE30ECF2AE3EF6E0070E66B /* FilmBannerTabView.swift */; };
		EBE30ED42AE3F3900070E66B /* FilmItemView.swift in Sources */ = {isa = PBXBuildFile; fileRef = EBE30ED32AE3F3900070E66B /* FilmItemView.swift */; };
		EBE30ED62AE3FA9B0070E66B /* GenreView.swift in Sources */ = {isa = PBXBuildFile; fileRef = EBE30ED52AE3FA9B0070E66B /* GenreView.swift */; };
		EBE30ED82AE418180070E66B /* SearchView.swift in Sources */ = {isa = PBXBuildFile; fileRef = EBE30ED72AE418180070E66B /* SearchView.swift */; };
		EBE30EDB2AE44C1E0070E66B /* ImageLoader.swift in Sources */ = {isa = PBXBuildFile; fileRef = EBE30EDA2AE44C1E0070E66B /* ImageLoader.swift */; };
		EBE30EDD2AE5739F0070E66B /* DetailView.swift in Sources */ = {isa = PBXBuildFile; fileRef = EBE30EDC2AE5739F0070E66B /* DetailView.swift */; };
		EBED3BB32AE0F7D70028641A /* search_movie.json in Resources */ = {isa = PBXBuildFile; fileRef = EBED3BB02AE0F7D70028641A /* search_movie.json */; };
/* End PBXBuildFile section */

/* Begin PBXFileReference section */
		EB294B442AE3D35A00BFBE26 /* Movie+Sub.swift */ = {isa = PBXFileReference; lastKnownFileType = sourcecode.swift; path = "Movie+Sub.swift"; sourceTree = "<group>"; };
		EB5026C82B17A22A004D52E6 /* Font.swift */ = {isa = PBXFileReference; lastKnownFileType = sourcecode.swift; path = Font.swift; sourceTree = "<group>"; };
		EB585CBF2B1E278A002F070A /* NavigationBar.swift */ = {isa = PBXFileReference; lastKnownFileType = sourcecode.swift; path = NavigationBar.swift; sourceTree = "<group>"; };
		EB8397BB2B0BBC2100E32DDD /* movie_list.json */ = {isa = PBXFileReference; fileEncoding = 4; lastKnownFileType = text.json; path = movie_list.json; sourceTree = "<group>"; };
		EB8397BC2B0BBC2100E32DDD /* movie_info.json */ = {isa = PBXFileReference; fileEncoding = 4; lastKnownFileType = text.json; path = movie_info.json; sourceTree = "<group>"; };
		EB9FAFA32AEAA90D0010EBF0 /* MovieListState.swift */ = {isa = PBXFileReference; lastKnownFileType = sourcecode.swift; path = MovieListState.swift; sourceTree = "<group>"; };
		EB9FAFA52AEAC8B40010EBF0 /* Movies.swift */ = {isa = PBXFileReference; lastKnownFileType = sourcecode.swift; path = Movies.swift; sourceTree = "<group>"; };
		EB9FAFA72AEACCBB0010EBF0 /* MovieDetailState.swift */ = {isa = PBXFileReference; lastKnownFileType = sourcecode.swift; path = MovieDetailState.swift; sourceTree = "<group>"; };
		EBA214BC2AE01CA200EC9714 /* Movie Database.app */ = {isa = PBXFileReference; explicitFileType = wrapper.application; includeInIndex = 0; path = "Movie Database.app"; sourceTree = BUILT_PRODUCTS_DIR; };
		EBA214BF2AE01CA200EC9714 /* Movie_DatabaseApp.swift */ = {isa = PBXFileReference; lastKnownFileType = sourcecode.swift; path = Movie_DatabaseApp.swift; sourceTree = "<group>"; };
		EBA214C12AE01CA200EC9714 /* ContentView.swift */ = {isa = PBXFileReference; lastKnownFileType = sourcecode.swift; path = ContentView.swift; sourceTree = "<group>"; };
		EBA214C32AE01CA400EC9714 /* Assets.xcassets */ = {isa = PBXFileReference; lastKnownFileType = folder.assetcatalog; path = Assets.xcassets; sourceTree = "<group>"; };
		EBA214C62AE01CA400EC9714 /* Preview Assets.xcassets */ = {isa = PBXFileReference; lastKnownFileType = folder.assetcatalog; path = "Preview Assets.xcassets"; sourceTree = "<group>"; };
		EBA214CE2AE01D9D00EC9714 /* MovieModel.swift */ = {isa = PBXFileReference; lastKnownFileType = sourcecode.swift; path = MovieModel.swift; sourceTree = "<group>"; };
		EBA214D12AE01EA700EC9714 /* MovieService.swift */ = {isa = PBXFileReference; lastKnownFileType = sourcecode.swift; path = MovieService.swift; sourceTree = "<group>"; };
		EBA214D32AE02FC100EC9714 /* MovieStore.swift */ = {isa = PBXFileReference; lastKnownFileType = sourcecode.swift; path = MovieStore.swift; sourceTree = "<group>"; };
		EBA214D52AE0352400EC9714 /* Utilty.swift */ = {isa = PBXFileReference; lastKnownFileType = sourcecode.swift; path = Utilty.swift; sourceTree = "<group>"; };
		EBB642252AE91CFE00EBF324 /* NavigationBarDetailView.swift */ = {isa = PBXFileReference; lastKnownFileType = sourcecode.swift; path = NavigationBarDetailView.swift; sourceTree = "<group>"; };
		EBB642272AE91E7800EBF324 /* HeaderDetailView.swift */ = {isa = PBXFileReference; lastKnownFileType = sourcecode.swift; path = HeaderDetailView.swift; sourceTree = "<group>"; };
		EBB642292AE925F300EBF324 /* IMDBView.swift */ = {isa = PBXFileReference; lastKnownFileType = sourcecode.swift; path = IMDBView.swift; sourceTree = "<group>"; };
		EBB6422B2AE9265600EBF324 /* RatingView.swift */ = {isa = PBXFileReference; lastKnownFileType = sourcecode.swift; path = RatingView.swift; sourceTree = "<group>"; };
		EBB6422D2AE9277800EBF324 /* ReviewCountView.swift */ = {isa = PBXFileReference; lastKnownFileType = sourcecode.swift; path = ReviewCountView.swift; sourceTree = "<group>"; };
		EBB6422F2AE9297700EBF324 /* DateInfoView.swift */ = {isa = PBXFileReference; lastKnownFileType = sourcecode.swift; path = DateInfoView.swift; sourceTree = "<group>"; };
		EBB642312AE92C4D00EBF324 /* GenderHeaderView.swift */ = {isa = PBXFileReference; lastKnownFileType = sourcecode.swift; path = GenderHeaderView.swift; sourceTree = "<group>"; };
		EBB642332AE93CB100EBF324 /* CustomShapeDetailView.swift */ = {isa = PBXFileReference; lastKnownFileType = sourcecode.swift; path = CustomShapeDetailView.swift; sourceTree = "<group>"; };
		EBB642372AE9625400EBF324 /* BlurEffectView.swift */ = {isa = PBXFileReference; lastKnownFileType = sourcecode.swift; path = BlurEffectView.swift; sourceTree = "<group>"; };
		EBB642392AEA18C600EBF324 /* ImageDetailView.swift */ = {isa = PBXFileReference; lastKnownFileType = sourcecode.swift; path = ImageDetailView.swift; sourceTree = "<group>"; };
		EBB6423B2AEA252300EBF324 /* PlayButtonDetailView.swift */ = {isa = PBXFileReference; lastKnownFileType = sourcecode.swift; path = PlayButtonDetailView.swift; sourceTree = "<group>"; };
		EBB6423D2AEA312D00EBF324 /* MovieOverviewView.swift */ = {isa = PBXFileReference; lastKnownFileType = sourcecode.swift; path = MovieOverviewView.swift; sourceTree = "<group>"; };
		EBB6423F2AEA35F100EBF324 /* TopCastsView.swift */ = {isa = PBXFileReference; lastKnownFileType = sourcecode.swift; path = TopCastsView.swift; sourceTree = "<group>"; };
		EBB642422AEA3D0F00EBF324 /* FavoriteItem.swift */ = {isa = PBXFileReference; lastKnownFileType = sourcecode.swift; path = FavoriteItem.swift; sourceTree = "<group>"; };
		EBB642442AEA414F00EBF324 /* FavoriteView.swift */ = {isa = PBXFileReference; lastKnownFileType = sourcecode.swift; path = FavoriteView.swift; sourceTree = "<group>"; };
		EBB6424A2AEA5D1800EBF324 /* SearchBarView.swift */ = {isa = PBXFileReference; lastKnownFileType = sourcecode.swift; path = SearchBarView.swift; sourceTree = "<group>"; };
		EBB6424C2AEA5D9000EBF324 /* LoadingView.swift */ = {isa = PBXFileReference; lastKnownFileType = sourcecode.swift; path = LoadingView.swift; sourceTree = "<group>"; };
		EBB6424E2AEA5F7400EBF324 /* ActivityIndicatorView.swift */ = {isa = PBXFileReference; lastKnownFileType = sourcecode.swift; path = ActivityIndicatorView.swift; sourceTree = "<group>"; };
		EBC0DA192AFFBD4500455ED5 /* SafariView.swift */ = {isa = PBXFileReference; lastKnownFileType = sourcecode.swift; path = SafariView.swift; sourceTree = "<group>"; };
		EBE30EBC2AE3D51D0070E66B /* HomeView.swift */ = {isa = PBXFileReference; lastKnownFileType = sourcecode.swift; path = HomeView.swift; sourceTree = "<group>"; };
		EBE30EBE2AE3D5BB0070E66B /* FooterView.swift */ = {isa = PBXFileReference; lastKnownFileType = sourcecode.swift; path = FooterView.swift; sourceTree = "<group>"; };
		EBE30EC02AE3DA690070E66B /* LogoView.swift */ = {isa = PBXFileReference; lastKnownFileType = sourcecode.swift; path = LogoView.swift; sourceTree = "<group>"; };
		EBE30EC22AE3DC110070E66B /* NavigationBarView.swift */ = {isa = PBXFileReference; lastKnownFileType = sourcecode.swift; path = NavigationBarView.swift; sourceTree = "<group>"; };
		EBE30EC42AE3DD390070E66B /* FilmBannerView.swift */ = {isa = PBXFileReference; lastKnownFileType = sourcecode.swift; path = FilmBannerView.swift; sourceTree = "<group>"; };
		EBE30EC62AE3E31D0070E66B /* BannerModel.swift */ = {isa = PBXFileReference; lastKnownFileType = sourcecode.swift; path = BannerModel.swift; sourceTree = "<group>"; };
		EBE30ECB2AE3E76B0070E66B /* banner_image.json */ = {isa = PBXFileReference; fileEncoding = 4; lastKnownFileType = text.json; path = banner_image.json; sourceTree = "<group>"; };
		EBE30ECD2AE3E8DC0070E66B /* Constant.swift */ = {isa = PBXFileReference; lastKnownFileType = sourcecode.swift; path = Constant.swift; sourceTree = "<group>"; };
		EBE30ECF2AE3EF6E0070E66B /* FilmBannerTabView.swift */ = {isa = PBXFileReference; lastKnownFileType = sourcecode.swift; path = FilmBannerTabView.swift; sourceTree = "<group>"; };
		EBE30ED32AE3F3900070E66B /* FilmItemView.swift */ = {isa = PBXFileReference; lastKnownFileType = sourcecode.swift; path = FilmItemView.swift; sourceTree = "<group>"; };
		EBE30ED52AE3FA9B0070E66B /* GenreView.swift */ = {isa = PBXFileReference; lastKnownFileType = sourcecode.swift; path = GenreView.swift; sourceTree = "<group>"; };
		EBE30ED72AE418180070E66B /* SearchView.swift */ = {isa = PBXFileReference; lastKnownFileType = sourcecode.swift; path = SearchView.swift; sourceTree = "<group>"; };
		EBE30EDA2AE44C1E0070E66B /* ImageLoader.swift */ = {isa = PBXFileReference; lastKnownFileType = sourcecode.swift; path = ImageLoader.swift; sourceTree = "<group>"; };
		EBE30EDC2AE5739F0070E66B /* DetailView.swift */ = {isa = PBXFileReference; lastKnownFileType = sourcecode.swift; path = DetailView.swift; sourceTree = "<group>"; };
		EBED3BB02AE0F7D70028641A /* search_movie.json */ = {isa = PBXFileReference; fileEncoding = 4; lastKnownFileType = text.json; path = search_movie.json; sourceTree = "<group>"; };
/* End PBXFileReference section */

/* Begin PBXFrameworksBuildPhase section */
		EBA214B92AE01CA200EC9714 /* Frameworks */ = {
			isa = PBXFrameworksBuildPhase;
			buildActionMask = 2147483647;
			files = (
			);
			runOnlyForDeploymentPostprocessing = 0;
		};
/* End PBXFrameworksBuildPhase section */

/* Begin PBXGroup section */
		EB95AA6B2AE26B6D0002989E /* View */ = {
			isa = PBXGroup;
			children = (
				EB95AA6C2AE26B770002989E /* Home */,
				EB95AA6E2AE26B9A0002989E /* Detail */,
				EB95AA6D2AE26B7F0002989E /* Search */,
				EBB642412AEA3CA600EBF324 /* Favorite */,
				EBC0DA182AFFBCF600455ED5 /* OtherViews */,
			);
			path = View;
			sourceTree = "<group>";
		};
		EB95AA6C2AE26B770002989E /* Home */ = {
			isa = PBXGroup;
			children = (
				EBE30EBE2AE3D5BB0070E66B /* FooterView.swift */,
				EBE30EC02AE3DA690070E66B /* LogoView.swift */,
				EBE30EC22AE3DC110070E66B /* NavigationBarView.swift */,
				EBE30EC42AE3DD390070E66B /* FilmBannerView.swift */,
				EBE30ECF2AE3EF6E0070E66B /* FilmBannerTabView.swift */,
				EBE30ED32AE3F3900070E66B /* FilmItemView.swift */,
				EBE30ED52AE3FA9B0070E66B /* GenreView.swift */,
			);
			path = Home;
			sourceTree = "<group>";
		};
		EB95AA6D2AE26B7F0002989E /* Search */ = {
			isa = PBXGroup;
			children = (
				EBB6424C2AEA5D9000EBF324 /* LoadingView.swift */,
				EBB6424A2AEA5D1800EBF324 /* SearchBarView.swift */,
				EBB6424E2AEA5F7400EBF324 /* ActivityIndicatorView.swift */,
			);
			path = Search;
			sourceTree = "<group>";
		};
		EB95AA6E2AE26B9A0002989E /* Detail */ = {
			isa = PBXGroup;
			children = (
				EBB642272AE91E7800EBF324 /* HeaderDetailView.swift */,
				EBB642252AE91CFE00EBF324 /* NavigationBarDetailView.swift */,
				EBB642292AE925F300EBF324 /* IMDBView.swift */,
				EBB6422B2AE9265600EBF324 /* RatingView.swift */,
				EBB6422D2AE9277800EBF324 /* ReviewCountView.swift */,
				EBB6422F2AE9297700EBF324 /* DateInfoView.swift */,
				EBB642312AE92C4D00EBF324 /* GenderHeaderView.swift */,
				EBB642392AEA18C600EBF324 /* ImageDetailView.swift */,
				EBB6423B2AEA252300EBF324 /* PlayButtonDetailView.swift */,
				EBB6423D2AEA312D00EBF324 /* MovieOverviewView.swift */,
				EBB6423F2AEA35F100EBF324 /* TopCastsView.swift */,
			);
			path = Detail;
			sourceTree = "<group>";
		};
		EB95AA6F2AE2C0590002989E /* App */ = {
			isa = PBXGroup;
			children = (
				EBA214BF2AE01CA200EC9714 /* Movie_DatabaseApp.swift */,
				EBA214C12AE01CA200EC9714 /* ContentView.swift */,
				EBE30EBC2AE3D51D0070E66B /* HomeView.swift */,
				EBE30ED72AE418180070E66B /* SearchView.swift */,
				EBE30EDC2AE5739F0070E66B /* DetailView.swift */,
				EBB642442AEA414F00EBF324 /* FavoriteView.swift */,
			);
			path = App;
			sourceTree = "<group>";
		};
		EBA214B32AE01CA200EC9714 = {
			isa = PBXGroup;
			children = (
				EBA214BE2AE01CA200EC9714 /* Movie Database */,
				EBA214BD2AE01CA200EC9714 /* Products */,
			);
			sourceTree = "<group>";
		};
		EBA214BD2AE01CA200EC9714 /* Products */ = {
			isa = PBXGroup;
			children = (
				EBA214BC2AE01CA200EC9714 /* Movie Database.app */,
			);
			name = Products;
			sourceTree = "<group>";
		};
		EBA214BE2AE01CA200EC9714 /* Movie Database */ = {
			isa = PBXGroup;
			children = (
				EB95AA6F2AE2C0590002989E /* App */,
				EBE30ED92AE44C050070E66B /* Binding */,
				EB95AA6B2AE26B6D0002989E /* View */,
				EBED3BAB2AE0F7610028641A /* Data */,
				EBED3BAA2AE0F7560028641A /* Extension */,
				EBA214D02AE01E8100EC9714 /* Utility */,
				EBA214CD2AE01D8900EC9714 /* Model */,
				EBA214C32AE01CA400EC9714 /* Assets.xcassets */,
				EBA214C52AE01CA400EC9714 /* Preview Content */,
			);
			path = "Movie Database";
			sourceTree = "<group>";
		};
		EBA214C52AE01CA400EC9714 /* Preview Content */ = {
			isa = PBXGroup;
			children = (
				EBA214C62AE01CA400EC9714 /* Preview Assets.xcassets */,
			);
			path = "Preview Content";
			sourceTree = "<group>";
		};
		EBA214CD2AE01D8900EC9714 /* Model */ = {
			isa = PBXGroup;
			children = (
				EBA214CE2AE01D9D00EC9714 /* MovieModel.swift */,
				EBE30EC62AE3E31D0070E66B /* BannerModel.swift */,
			);
			path = Model;
			sourceTree = "<group>";
		};
		EBA214D02AE01E8100EC9714 /* Utility */ = {
			isa = PBXGroup;
			children = (
				EB9FAFA52AEAC8B40010EBF0 /* Movies.swift */,
				EBA214D12AE01EA700EC9714 /* MovieService.swift */,
				EBA214D32AE02FC100EC9714 /* MovieStore.swift */,
				EBA214D52AE0352400EC9714 /* Utilty.swift */,
				EBE30ECD2AE3E8DC0070E66B /* Constant.swift */,
				EBB642332AE93CB100EBF324 /* CustomShapeDetailView.swift */,
				EBB642372AE9625400EBF324 /* BlurEffectView.swift */,
			);
			path = Utility;
			sourceTree = "<group>";
		};
		EBB642412AEA3CA600EBF324 /* Favorite */ = {
			isa = PBXGroup;
			children = (
				EBB642422AEA3D0F00EBF324 /* FavoriteItem.swift */,
			);
			path = Favorite;
			sourceTree = "<group>";
		};
		EBC0DA182AFFBCF600455ED5 /* OtherViews */ = {
			isa = PBXGroup;
			children = (
				EBC0DA192AFFBD4500455ED5 /* SafariView.swift */,
			);
			path = OtherViews;
			sourceTree = "<group>";
		};
		EBE30ED92AE44C050070E66B /* Binding */ = {
			isa = PBXGroup;
			children = (
				EBE30EDA2AE44C1E0070E66B /* ImageLoader.swift */,
				EB9FAFA32AEAA90D0010EBF0 /* MovieListState.swift */,
				EB9FAFA72AEACCBB0010EBF0 /* MovieDetailState.swift */,
			);
			path = Binding;
			sourceTree = "<group>";
		};
		EBED3BAA2AE0F7560028641A /* Extension */ = {
			isa = PBXGroup;
			children = (
				EB294B442AE3D35A00BFBE26 /* Movie+Sub.swift */,
				EB5026C82B17A22A004D52E6 /* Font.swift */,
				EB585CBF2B1E278A002F070A /* NavigationBar.swift */,
			);
			path = Extension;
			sourceTree = "<group>";
		};
		EBED3BAB2AE0F7610028641A /* Data */ = {
			isa = PBXGroup;
			children = (
				EB8397BC2B0BBC2100E32DDD /* movie_info.json */,
				EB8397BB2B0BBC2100E32DDD /* movie_list.json */,
				EBE30ECB2AE3E76B0070E66B /* banner_image.json */,
				EBED3BB02AE0F7D70028641A /* search_movie.json */,
			);
			path = Data;
			sourceTree = "<group>";
		};
/* End PBXGroup section */

/* Begin PBXNativeTarget section */
		EBA214BB2AE01CA200EC9714 /* Movie Database */ = {
			isa = PBXNativeTarget;
			buildConfigurationList = EBA214CA2AE01CA400EC9714 /* Build configuration list for PBXNativeTarget "Movie Database" */;
			buildPhases = (
				EBA214B82AE01CA200EC9714 /* Sources */,
				EBA214B92AE01CA200EC9714 /* Frameworks */,
				EBA214BA2AE01CA200EC9714 /* Resources */,
			);
			buildRules = (
			);
			dependencies = (
			);
			name = "Movie Database";
			productName = "Movie Database";
			productReference = EBA214BC2AE01CA200EC9714 /* Movie Database.app */;
			productType = "com.apple.product-type.application";
		};
/* End PBXNativeTarget section */

/* Begin PBXProject section */
		EBA214B42AE01CA200EC9714 /* Project object */ = {
			isa = PBXProject;
			attributes = {
				BuildIndependentTargetsInParallel = 1;
				LastSwiftUpdateCheck = 1500;
				LastUpgradeCheck = 1500;
				TargetAttributes = {
					EBA214BB2AE01CA200EC9714 = {
						CreatedOnToolsVersion = 15.0;
					};
				};
			};
			buildConfigurationList = EBA214B72AE01CA200EC9714 /* Build configuration list for PBXProject "Movie Database" */;
			compatibilityVersion = "Xcode 14.0";
			developmentRegion = en;
			hasScannedForEncodings = 0;
			knownRegions = (
				en,
				Base,
			);
			mainGroup = EBA214B32AE01CA200EC9714;
			productRefGroup = EBA214BD2AE01CA200EC9714 /* Products */;
			projectDirPath = "";
			projectRoot = "";
			targets = (
				EBA214BB2AE01CA200EC9714 /* Movie Database */,
			);
		};
/* End PBXProject section */

/* Begin PBXResourcesBuildPhase section */
		EBA214BA2AE01CA200EC9714 /* Resources */ = {
			isa = PBXResourcesBuildPhase;
			buildActionMask = 2147483647;
			files = (
				EBE30ECC2AE3E76B0070E66B /* banner_image.json in Resources */,
				EBA214C72AE01CA400EC9714 /* Preview Assets.xcassets in Resources */,
				EBED3BB32AE0F7D70028641A /* search_movie.json in Resources */,
				EB8397BD2B0BBC2100E32DDD /* movie_list.json in Resources */,
				EB8397BE2B0BBC2100E32DDD /* movie_info.json in Resources */,
				EBA214C42AE01CA400EC9714 /* Assets.xcassets in Resources */,
			);
			runOnlyForDeploymentPostprocessing = 0;
		};
/* End PBXResourcesBuildPhase section */

/* Begin PBXSourcesBuildPhase section */
		EBA214B82AE01CA200EC9714 /* Sources */ = {
			isa = PBXSourcesBuildPhase;
			buildActionMask = 2147483647;
			files = (
				EB294B452AE3D35A00BFBE26 /* Movie+Sub.swift in Sources */,
				EBA214CF2AE01D9D00EC9714 /* MovieModel.swift in Sources */,
				EBE30EC32AE3DC110070E66B /* NavigationBarView.swift in Sources */,
				EBB6423E2AEA312D00EBF324 /* MovieOverviewView.swift in Sources */,
				EBB642322AE92C4D00EBF324 /* GenderHeaderView.swift in Sources */,
				EBB6422C2AE9265600EBF324 /* RatingView.swift in Sources */,
				EBE30ED62AE3FA9B0070E66B /* GenreView.swift in Sources */,
				EBB6422A2AE925F300EBF324 /* IMDBView.swift in Sources */,
				EBA214C22AE01CA200EC9714 /* ContentView.swift in Sources */,
				EBB642342AE93CB100EBF324 /* CustomShapeDetailView.swift in Sources */,
				EBE30EC72AE3E31D0070E66B /* BannerModel.swift in Sources */,
				EB9FAFA42AEAA90D0010EBF0 /* MovieListState.swift in Sources */,
				EBB6423A2AEA18C600EBF324 /* ImageDetailView.swift in Sources */,
				EBB642402AEA35F100EBF324 /* TopCastsView.swift in Sources */,
				EBE30ED02AE3EF6E0070E66B /* FilmBannerTabView.swift in Sources */,
				EBE30EC52AE3DD390070E66B /* FilmBannerView.swift in Sources */,
				EBB642452AEA414F00EBF324 /* FavoriteView.swift in Sources */,
				EBB6424D2AEA5D9000EBF324 /* LoadingView.swift in Sources */,
				EBB642432AEA3D0F00EBF324 /* FavoriteItem.swift in Sources */,
				EBE30EBF2AE3D5BB0070E66B /* FooterView.swift in Sources */,
				EB9FAFA82AEACCBB0010EBF0 /* MovieDetailState.swift in Sources */,
				EBB642382AE9625400EBF324 /* BlurEffectView.swift in Sources */,
				EBE30EDB2AE44C1E0070E66B /* ImageLoader.swift in Sources */,
				EBE30ECE2AE3E8DC0070E66B /* Constant.swift in Sources */,
				EBB6422E2AE9277800EBF324 /* ReviewCountView.swift in Sources */,
				EBB6424F2AEA5F7400EBF324 /* ActivityIndicatorView.swift in Sources */,
				EB9FAFA62AEAC8B40010EBF0 /* Movies.swift in Sources */,
				EB585CC02B1E278A002F070A /* NavigationBar.swift in Sources */,
				EBB642302AE9297700EBF324 /* DateInfoView.swift in Sources */,
				EBE30ED82AE418180070E66B /* SearchView.swift in Sources */,
				EBB6423C2AEA252300EBF324 /* PlayButtonDetailView.swift in Sources */,
				EBA214D62AE0352400EC9714 /* Utilty.swift in Sources */,
				EBE30EDD2AE5739F0070E66B /* DetailView.swift in Sources */,
				EBE30EC12AE3DA690070E66B /* LogoView.swift in Sources */,
				EBA214D22AE01EA700EC9714 /* MovieService.swift in Sources */,
				EBC0DA1A2AFFBD4500455ED5 /* SafariView.swift in Sources */,
				EB5026C92B17A22A004D52E6 /* Font.swift in Sources */,
				EBB642282AE91E7800EBF324 /* HeaderDetailView.swift in Sources */,
				EBE30EBD2AE3D51D0070E66B /* HomeView.swift in Sources */,
				EBB6424B2AEA5D1800EBF324 /* SearchBarView.swift in Sources */,
				EBA214D42AE02FC100EC9714 /* MovieStore.swift in Sources */,
				EBB642262AE91CFE00EBF324 /* NavigationBarDetailView.swift in Sources */,
				EBA214C02AE01CA200EC9714 /* Movie_DatabaseApp.swift in Sources */,
				EBE30ED42AE3F3900070E66B /* FilmItemView.swift in Sources */,
			);
			runOnlyForDeploymentPostprocessing = 0;
		};
/* End PBXSourcesBuildPhase section */

/* Begin XCBuildConfiguration section */
		EBA214C82AE01CA400EC9714 /* Debug */ = {
			isa = XCBuildConfiguration;
			buildSettings = {
				ALWAYS_SEARCH_USER_PATHS = NO;
				ASSETCATALOG_COMPILER_GENERATE_SWIFT_ASSET_SYMBOL_EXTENSIONS = YES;
				CLANG_ANALYZER_NONNULL = YES;
				CLANG_ANALYZER_NUMBER_OBJECT_CONVERSION = YES_AGGRESSIVE;
				CLANG_CXX_LANGUAGE_STANDARD = "gnu++20";
				CLANG_ENABLE_MODULES = YES;
				CLANG_ENABLE_OBJC_ARC = YES;
				CLANG_ENABLE_OBJC_WEAK = YES;
				CLANG_WARN_BLOCK_CAPTURE_AUTORELEASING = YES;
				CLANG_WARN_BOOL_CONVERSION = YES;
				CLANG_WARN_COMMA = YES;
				CLANG_WARN_CONSTANT_CONVERSION = YES;
				CLANG_WARN_DEPRECATED_OBJC_IMPLEMENTATIONS = YES;
				CLANG_WARN_DIRECT_OBJC_ISA_USAGE = YES_ERROR;
				CLANG_WARN_DOCUMENTATION_COMMENTS = YES;
				CLANG_WARN_EMPTY_BODY = YES;
				CLANG_WARN_ENUM_CONVERSION = YES;
				CLANG_WARN_INFINITE_RECURSION = YES;
				CLANG_WARN_INT_CONVERSION = YES;
				CLANG_WARN_NON_LITERAL_NULL_CONVERSION = YES;
				CLANG_WARN_OBJC_IMPLICIT_RETAIN_SELF = YES;
				CLANG_WARN_OBJC_LITERAL_CONVERSION = YES;
				CLANG_WARN_OBJC_ROOT_CLASS = YES_ERROR;
				CLANG_WARN_QUOTED_INCLUDE_IN_FRAMEWORK_HEADER = YES;
				CLANG_WARN_RANGE_LOOP_ANALYSIS = YES;
				CLANG_WARN_STRICT_PROTOTYPES = YES;
				CLANG_WARN_SUSPICIOUS_MOVE = YES;
				CLANG_WARN_UNGUARDED_AVAILABILITY = YES_AGGRESSIVE;
				CLANG_WARN_UNREACHABLE_CODE = YES;
				CLANG_WARN__DUPLICATE_METHOD_MATCH = YES;
				COPY_PHASE_STRIP = NO;
				DEBUG_INFORMATION_FORMAT = dwarf;
				ENABLE_STRICT_OBJC_MSGSEND = YES;
				ENABLE_TESTABILITY = YES;
				ENABLE_USER_SCRIPT_SANDBOXING = YES;
				GCC_C_LANGUAGE_STANDARD = gnu17;
				GCC_DYNAMIC_NO_PIC = NO;
				GCC_NO_COMMON_BLOCKS = YES;
				GCC_OPTIMIZATION_LEVEL = 0;
				GCC_PREPROCESSOR_DEFINITIONS = (
					"DEBUG=1",
					"$(inherited)",
				);
				GCC_WARN_64_TO_32_BIT_CONVERSION = YES;
				GCC_WARN_ABOUT_RETURN_TYPE = YES_ERROR;
				GCC_WARN_UNDECLARED_SELECTOR = YES;
				GCC_WARN_UNINITIALIZED_AUTOS = YES_AGGRESSIVE;
				GCC_WARN_UNUSED_FUNCTION = YES;
				GCC_WARN_UNUSED_VARIABLE = YES;
				IPHONEOS_DEPLOYMENT_TARGET = 17.0;
				LOCALIZATION_PREFERS_STRING_CATALOGS = YES;
				MTL_ENABLE_DEBUG_INFO = INCLUDE_SOURCE;
				MTL_FAST_MATH = YES;
				ONLY_ACTIVE_ARCH = YES;
				SDKROOT = iphoneos;
				SWIFT_ACTIVE_COMPILATION_CONDITIONS = "DEBUG $(inherited)";
				SWIFT_OPTIMIZATION_LEVEL = "-Onone";
			};
			name = Debug;
		};
		EBA214C92AE01CA400EC9714 /* Release */ = {
			isa = XCBuildConfiguration;
			buildSettings = {
				ALWAYS_SEARCH_USER_PATHS = NO;
				ASSETCATALOG_COMPILER_GENERATE_SWIFT_ASSET_SYMBOL_EXTENSIONS = YES;
				CLANG_ANALYZER_NONNULL = YES;
				CLANG_ANALYZER_NUMBER_OBJECT_CONVERSION = YES_AGGRESSIVE;
				CLANG_CXX_LANGUAGE_STANDARD = "gnu++20";
				CLANG_ENABLE_MODULES = YES;
				CLANG_ENABLE_OBJC_ARC = YES;
				CLANG_ENABLE_OBJC_WEAK = YES;
				CLANG_WARN_BLOCK_CAPTURE_AUTORELEASING = YES;
				CLANG_WARN_BOOL_CONVERSION = YES;
				CLANG_WARN_COMMA = YES;
				CLANG_WARN_CONSTANT_CONVERSION = YES;
				CLANG_WARN_DEPRECATED_OBJC_IMPLEMENTATIONS = YES;
				CLANG_WARN_DIRECT_OBJC_ISA_USAGE = YES_ERROR;
				CLANG_WARN_DOCUMENTATION_COMMENTS = YES;
				CLANG_WARN_EMPTY_BODY = YES;
				CLANG_WARN_ENUM_CONVERSION = YES;
				CLANG_WARN_INFINITE_RECURSION = YES;
				CLANG_WARN_INT_CONVERSION = YES;
				CLANG_WARN_NON_LITERAL_NULL_CONVERSION = YES;
				CLANG_WARN_OBJC_IMPLICIT_RETAIN_SELF = YES;
				CLANG_WARN_OBJC_LITERAL_CONVERSION = YES;
				CLANG_WARN_OBJC_ROOT_CLASS = YES_ERROR;
				CLANG_WARN_QUOTED_INCLUDE_IN_FRAMEWORK_HEADER = YES;
				CLANG_WARN_RANGE_LOOP_ANALYSIS = YES;
				CLANG_WARN_STRICT_PROTOTYPES = YES;
				CLANG_WARN_SUSPICIOUS_MOVE = YES;
				CLANG_WARN_UNGUARDED_AVAILABILITY = YES_AGGRESSIVE;
				CLANG_WARN_UNREACHABLE_CODE = YES;
				CLANG_WARN__DUPLICATE_METHOD_MATCH = YES;
				COPY_PHASE_STRIP = NO;
				DEBUG_INFORMATION_FORMAT = "dwarf-with-dsym";
				ENABLE_NS_ASSERTIONS = NO;
				ENABLE_STRICT_OBJC_MSGSEND = YES;
				ENABLE_USER_SCRIPT_SANDBOXING = YES;
				GCC_C_LANGUAGE_STANDARD = gnu17;
				GCC_NO_COMMON_BLOCKS = YES;
				GCC_WARN_64_TO_32_BIT_CONVERSION = YES;
				GCC_WARN_ABOUT_RETURN_TYPE = YES_ERROR;
				GCC_WARN_UNDECLARED_SELECTOR = YES;
				GCC_WARN_UNINITIALIZED_AUTOS = YES_AGGRESSIVE;
				GCC_WARN_UNUSED_FUNCTION = YES;
				GCC_WARN_UNUSED_VARIABLE = YES;
				IPHONEOS_DEPLOYMENT_TARGET = 17.0;
				LOCALIZATION_PREFERS_STRING_CATALOGS = YES;
				MTL_ENABLE_DEBUG_INFO = NO;
				MTL_FAST_MATH = YES;
				SDKROOT = iphoneos;
				SWIFT_COMPILATION_MODE = wholemodule;
				VALIDATE_PRODUCT = YES;
			};
			name = Release;
		};
		EBA214CB2AE01CA400EC9714 /* Debug */ = {
			isa = XCBuildConfiguration;
			buildSettings = {
				ASSETCATALOG_COMPILER_APPICON_NAME = AppIcon;
				ASSETCATALOG_COMPILER_GLOBAL_ACCENT_COLOR_NAME = AccentColor;
				CODE_SIGN_STYLE = Automatic;
				CURRENT_PROJECT_VERSION = 1;
				DEVELOPMENT_ASSET_PATHS = "\"Movie Database/Preview Content\"";
				DEVELOPMENT_TEAM = MYL7DYP3W5;
				ENABLE_PREVIEWS = YES;
				GENERATE_INFOPLIST_FILE = YES;
				INFOPLIST_KEY_UIApplicationSceneManifest_Generation = YES;
				INFOPLIST_KEY_UIApplicationSupportsIndirectInputEvents = YES;
				INFOPLIST_KEY_UILaunchScreen_Generation = YES;
				INFOPLIST_KEY_UISupportedInterfaceOrientations_iPad = "UIInterfaceOrientationPortrait UIInterfaceOrientationPortraitUpsideDown UIInterfaceOrientationLandscapeLeft UIInterfaceOrientationLandscapeRight";
				INFOPLIST_KEY_UISupportedInterfaceOrientations_iPhone = "UIInterfaceOrientationPortrait UIInterfaceOrientationLandscapeLeft UIInterfaceOrientationLandscapeRight";
				LD_RUNPATH_SEARCH_PATHS = (
					"$(inherited)",
					"@executable_path/Frameworks",
				);
				MARKETING_VERSION = 1.0;
				PRODUCT_BUNDLE_IDENTIFIER = "com.emregemici.Movie-Database";
				PRODUCT_NAME = "$(TARGET_NAME)";
				SWIFT_EMIT_LOC_STRINGS = YES;
				SWIFT_VERSION = 5.0;
				TARGETED_DEVICE_FAMILY = "1,2";
			};
			name = Debug;
		};
		EBA214CC2AE01CA400EC9714 /* Release */ = {
			isa = XCBuildConfiguration;
			buildSettings = {
				ASSETCATALOG_COMPILER_APPICON_NAME = AppIcon;
				ASSETCATALOG_COMPILER_GLOBAL_ACCENT_COLOR_NAME = AccentColor;
				CODE_SIGN_STYLE = Automatic;
				CURRENT_PROJECT_VERSION = 1;
				DEVELOPMENT_ASSET_PATHS = "\"Movie Database/Preview Content\"";
				DEVELOPMENT_TEAM = MYL7DYP3W5;
				ENABLE_PREVIEWS = YES;
				GENERATE_INFOPLIST_FILE = YES;
				INFOPLIST_KEY_UIApplicationSceneManifest_Generation = YES;
				INFOPLIST_KEY_UIApplicationSupportsIndirectInputEvents = YES;
				INFOPLIST_KEY_UILaunchScreen_Generation = YES;
				INFOPLIST_KEY_UISupportedInterfaceOrientations_iPad = "UIInterfaceOrientationPortrait UIInterfaceOrientationPortraitUpsideDown UIInterfaceOrientationLandscapeLeft UIInterfaceOrientationLandscapeRight";
				INFOPLIST_KEY_UISupportedInterfaceOrientations_iPhone = "UIInterfaceOrientationPortrait UIInterfaceOrientationLandscapeLeft UIInterfaceOrientationLandscapeRight";
				LD_RUNPATH_SEARCH_PATHS = (
					"$(inherited)",
					"@executable_path/Frameworks",
				);
				MARKETING_VERSION = 1.0;
				PRODUCT_BUNDLE_IDENTIFIER = "com.emregemici.Movie-Database";
				PRODUCT_NAME = "$(TARGET_NAME)";
				SWIFT_EMIT_LOC_STRINGS = YES;
				SWIFT_VERSION = 5.0;
				TARGETED_DEVICE_FAMILY = "1,2";
			};
			name = Release;
		};
/* End XCBuildConfiguration section */

/* Begin XCConfigurationList section */
		EBA214B72AE01CA200EC9714 /* Build configuration list for PBXProject "Movie Database" */ = {
			isa = XCConfigurationList;
			buildConfigurations = (
				EBA214C82AE01CA400EC9714 /* Debug */,
				EBA214C92AE01CA400EC9714 /* Release */,
			);
			defaultConfigurationIsVisible = 0;
			defaultConfigurationName = Release;
		};
		EBA214CA2AE01CA400EC9714 /* Build configuration list for PBXNativeTarget "Movie Database" */ = {
			isa = XCConfigurationList;
			buildConfigurations = (
				EBA214CB2AE01CA400EC9714 /* Debug */,
				EBA214CC2AE01CA400EC9714 /* Release */,
			);
			defaultConfigurationIsVisible = 0;
			defaultConfigurationName = Release;
		};
/* End XCConfigurationList section */
	};
	rootObject = EBA214B42AE01CA200EC9714 /* Project object */;
}
